
Microsoft Visual Studio Solution File, Format Version 12.00
# Visual Studio 15
VisualStudioVersion = 15.0.28307.645
MinimumVisualStudioVersion = 10.0.40219.1
Project("{FAE04EC0-301F-11D3-BF4B-00C04F79EFBC}") = "simplepaint", "WindowsFormsApp3\simplepaint.csproj", "{D10036A5-3F2D-4244-9CB8-EDC2F8EEA184}"
EndProject
Global
	GlobalSection(SolutionConfigurationPlatforms) = preSolution
		Debug|Any CPU = Debug|Any CPU
		Release|Any CPU = Release|Any CPU
	EndGlobalSection
	GlobalSection(ProjectConfigurationPlatforms) = postSolution
		{D10036A5-3F2D-4244-9CB8-EDC2F8EEA184}.Debug|Any CPU.ActiveCfg = Debug|Any CPU
		{D10036A5-3F2D-4244-9CB8-EDC2F8EEA184}.Debug|Any CPU.Build.0 = Debug|Any CPU
		{D10036A5-3F2D-4244-9CB8-EDC2F8EEA184}.Release|Any CPU.ActiveCfg = Release|Any CPU
		{D10036A5-3F2D-4244-9CB8-EDC2F8EEA184}.Release|Any CPU.Build.0 = Release|Any CPU
	EndGlobalSection
	GlobalSection(SolutionProperties) = preSolution
		HideSolutionNode = FALSE
	EndGlobalSection
	GlobalSection(ExtensibilityGlobals) = postSolution
		SolutionGuid = {8AEF5205-9DCF-4914-9094-FC06F4E83547}
	EndGlobalSection
EndGlobal
